
Microsoft Visual Studio Solution File, Format Version 12.00
# Visual Studio Version 16
VisualStudioVersion = 16.0.30413.136
MinimumVisualStudioVersion = 10.0.40219.1
Project("{FAE04EC0-301F-11D3-BF4B-00C04F79EFBC}") = "WebApp", "WebApp\WebApp.csproj", "{9429A571-018D-4D93-BC17-152F4EF21081}"
EndProject
Project("{FAE04EC0-301F-11D3-BF4B-00C04F79EFBC}") = "ChinookSystem", "ChinookSystem\ChinookSystem.csproj", "{119F3D58-DEFB-4092-82F2-33B49D5312BE}"
EndProject
Global
	GlobalSection(SolutionConfigurationPlatforms) = preSolution
		Debug|Any CPU = Debug|Any CPU
		Release|Any CPU = Release|Any CPU
	EndGlobalSection
	GlobalSection(ProjectConfigurationPlatforms) = postSolution
		{9429A571-018D-4D93-BC17-152F4EF21081}.Debug|Any CPU.ActiveCfg = Debug|Any CPU
		{9429A571-018D-4D93-BC17-152F4EF21081}.Debug|Any CPU.Build.0 = Debug|Any CPU
		{9429A571-018D-4D93-BC17-152F4EF21081}.Release|Any CPU.ActiveCfg = Release|Any CPU
		{9429A571-018D-4D93-BC17-152F4EF21081}.Release|Any CPU.Build.0 = Release|Any CPU
		{119F3D58-DEFB-4092-82F2-33B49D5312BE}.Debug|Any CPU.ActiveCfg = Debug|Any CPU
		{119F3D58-DEFB-4092-82F2-33B49D5312BE}.Debug|Any CPU.Build.0 = Debug|Any CPU
		{119F3D58-DEFB-4092-82F2-33B49D5312BE}.Release|Any CPU.ActiveCfg = Release|Any CPU
		{119F3D58-DEFB-4092-82F2-33B49D5312BE}.Release|Any CPU.Build.0 = Release|Any CPU
	EndGlobalSection
	GlobalSection(SolutionProperties) = preSolution
		HideSolutionNode = FALSE
	EndGlobalSection
	GlobalSection(ExtensibilityGlobals) = postSolution
		SolutionGuid = {C385901F-5A42-4B93-974F-4C186597663C}
	EndGlobalSection
EndGlobal
